
Microsoft Visual Studio Solution File, Format Version 12.00
Project("{FAE04EC0-301F-11D3-BF4B-00C04F79EFBC}") = "WebApi", "WebApi\WebApi.csproj", "{16167CE0-FAF8-48B2-B189-D06B7475EE68}"
EndProject
Project("{2150E333-8FDC-42A3-9474-1A3956D46DE8}") = "Solution Items", "Solution Items", "{E4FFBD17-1FBA-4002-84BE-678EC7D310D4}"
	ProjectSection(SolutionItems) = preProject
		compose.yaml = compose.yaml
		..\..\.gitignore = ..\..\.gitignore
		..\..\README.md = ..\..\README.md
	EndProjectSection
EndProject
Project("{2150E333-8FDC-42A3-9474-1A3956D46DE8}") = "WebApi", "WebApi", "{191D2A7D-87D4-4D1E-BF41-15A5731A33EA}"
EndProject
Project("{2150E333-8FDC-42A3-9474-1A3956D46DE8}") = "WebUi", "WebUi", "{78439076-F77C-459F-91DD-7749C72A7A5E}"
EndProject
Project("{FAE04EC0-301F-11D3-BF4B-00C04F79EFBC}") = "Aspire", "Aspire\Aspire.csproj", "{8CAF3B44-6F43-4BDD-A7B8-3FC008924631}"
EndProject
Project("{FAE04EC0-301F-11D3-BF4B-00C04F79EFBC}") = "Application", "Application\Application.csproj", "{9D64EA07-8544-4131-AD02-494FC5702E69}"
EndProject
Project("{FAE04EC0-301F-11D3-BF4B-00C04F79EFBC}") = "Infrastructure", "Infrastructure\Infrastructure.csproj", "{BD519143-5CC1-4BF5-9646-A238E751D399}"
EndProject
Project("{FAE04EC0-301F-11D3-BF4B-00C04F79EFBC}") = "ApiContracts", "ApiContracts\ApiContracts.csproj", "{1DE92275-614F-444C-B93D-24F3EC355A92}"
EndProject
Project("{2150E333-8FDC-42A3-9474-1A3956D46DE8}") = "UnitTests", "UnitTests", "{EC56D736-794B-4C3D-8260-4688FCBA0CB6}"
EndProject
Project("{FAE04EC0-301F-11D3-BF4B-00C04F79EFBC}") = "WebApi.Tests", "WebApi.Tests\WebApi.Tests.csproj", "{B61886D9-92ED-4733-BD9B-9B4D44005E03}"
EndProject
Project("{FAE04EC0-301F-11D3-BF4B-00C04F79EFBC}") = "CommonContracts", "CommonContracts\CommonContracts.csproj", "{AE85E495-CD84-48F7-B299-A8309CEDF756}"
EndProject
Project("{FAE04EC0-301F-11D3-BF4B-00C04F79EFBC}") = "Application.Tests", "Application.Tests\Application.Tests.csproj", "{AD5065C1-E9DD-4B04-8663-35C1A48BFB17}"
EndProject
Project("{FAE04EC0-301F-11D3-BF4B-00C04F79EFBC}") = "UnitTests.Common", "UnitTests.Common\UnitTests.Common.csproj", "{D8F7BB88-F3D1-40D4-8A7D-65E38A06AF1F}"
EndProject
Project("{FAE04EC0-301F-11D3-BF4B-00C04F79EFBC}") = "Infrastructure.Tests", "Infrastructure.Tests\Infrastructure.Tests.csproj", "{5EBDB940-ACA3-46B1-8EE4-BD0CB2123879}"
EndProject
Project("{2150E333-8FDC-42A3-9474-1A3956D46DE8}") = "IntegrationTests", "IntegrationTests", "{42B50ED3-AB7A-4DDF-A15A-0ED88CDAEFF9}"
EndProject
Project("{FAE04EC0-301F-11D3-BF4B-00C04F79EFBC}") = "WebApi.IntegrationTests", "WebApi.IntegrationTests\WebApi.IntegrationTests.csproj", "{FBAD1E23-2C00-4F69-B7C9-B3FE9F9120EE}"
EndProject
Project("{FAE04EC0-301F-11D3-BF4B-00C04F79EFBC}") = "WebUi", "WebUi\WebUi.csproj", "{BAD1AC75-B5F1-4DCC-A60C-A85D0E83D04C}"
EndProject
Project("{FAE04EC0-301F-11D3-BF4B-00C04F79EFBC}") = "WebUI.E2eTests", "WebUI.E2eTests\WebUI.E2eTests.csproj", "{4F20B7EE-FB8D-463E-9DB2-A66A254A3E59}"
EndProject
Global
	GlobalSection(SolutionConfigurationPlatforms) = preSolution
		Debug|Any CPU = Debug|Any CPU
		Release|Any CPU = Release|Any CPU
	EndGlobalSection
	GlobalSection(ProjectConfigurationPlatforms) = postSolution
		{16167CE0-FAF8-48B2-B189-D06B7475EE68}.Debug|Any CPU.ActiveCfg = Debug|Any CPU
		{16167CE0-FAF8-48B2-B189-D06B7475EE68}.Debug|Any CPU.Build.0 = Debug|Any CPU
		{16167CE0-FAF8-48B2-B189-D06B7475EE68}.Release|Any CPU.ActiveCfg = Release|Any CPU
		{16167CE0-FAF8-48B2-B189-D06B7475EE68}.Release|Any CPU.Build.0 = Release|Any CPU
		{8CAF3B44-6F43-4BDD-A7B8-3FC008924631}.Debug|Any CPU.ActiveCfg = Debug|Any CPU
		{8CAF3B44-6F43-4BDD-A7B8-3FC008924631}.Debug|Any CPU.Build.0 = Debug|Any CPU
		{8CAF3B44-6F43-4BDD-A7B8-3FC008924631}.Release|Any CPU.ActiveCfg = Release|Any CPU
		{8CAF3B44-6F43-4BDD-A7B8-3FC008924631}.Release|Any CPU.Build.0 = Release|Any CPU
		{9D64EA07-8544-4131-AD02-494FC5702E69}.Debug|Any CPU.ActiveCfg = Debug|Any CPU
		{9D64EA07-8544-4131-AD02-494FC5702E69}.Debug|Any CPU.Build.0 = Debug|Any CPU
		{9D64EA07-8544-4131-AD02-494FC5702E69}.Release|Any CPU.ActiveCfg = Release|Any CPU
		{9D64EA07-8544-4131-AD02-494FC5702E69}.Release|Any CPU.Build.0 = Release|Any CPU
		{BD519143-5CC1-4BF5-9646-A238E751D399}.Debug|Any CPU.ActiveCfg = Debug|Any CPU
		{BD519143-5CC1-4BF5-9646-A238E751D399}.Debug|Any CPU.Build.0 = Debug|Any CPU
		{BD519143-5CC1-4BF5-9646-A238E751D399}.Release|Any CPU.ActiveCfg = Release|Any CPU
		{BD519143-5CC1-4BF5-9646-A238E751D399}.Release|Any CPU.Build.0 = Release|Any CPU
		{1DE92275-614F-444C-B93D-24F3EC355A92}.Debug|Any CPU.ActiveCfg = Debug|Any CPU
		{1DE92275-614F-444C-B93D-24F3EC355A92}.Debug|Any CPU.Build.0 = Debug|Any CPU
		{1DE92275-614F-444C-B93D-24F3EC355A92}.Release|Any CPU.ActiveCfg = Release|Any CPU
		{1DE92275-614F-444C-B93D-24F3EC355A92}.Release|Any CPU.Build.0 = Release|Any CPU
		{B61886D9-92ED-4733-BD9B-9B4D44005E03}.Debug|Any CPU.ActiveCfg = Debug|Any CPU
		{B61886D9-92ED-4733-BD9B-9B4D44005E03}.Debug|Any CPU.Build.0 = Debug|Any CPU
		{B61886D9-92ED-4733-BD9B-9B4D44005E03}.Release|Any CPU.ActiveCfg = Release|Any CPU
		{B61886D9-92ED-4733-BD9B-9B4D44005E03}.Release|Any CPU.Build.0 = Release|Any CPU
		{AE85E495-CD84-48F7-B299-A8309CEDF756}.Debug|Any CPU.ActiveCfg = Debug|Any CPU
		{AE85E495-CD84-48F7-B299-A8309CEDF756}.Debug|Any CPU.Build.0 = Debug|Any CPU
		{AE85E495-CD84-48F7-B299-A8309CEDF756}.Release|Any CPU.ActiveCfg = Release|Any CPU
		{AE85E495-CD84-48F7-B299-A8309CEDF756}.Release|Any CPU.Build.0 = Release|Any CPU
		{AD5065C1-E9DD-4B04-8663-35C1A48BFB17}.Debug|Any CPU.ActiveCfg = Debug|Any CPU
		{AD5065C1-E9DD-4B04-8663-35C1A48BFB17}.Debug|Any CPU.Build.0 = Debug|Any CPU
		{AD5065C1-E9DD-4B04-8663-35C1A48BFB17}.Release|Any CPU.ActiveCfg = Release|Any CPU
		{AD5065C1-E9DD-4B04-8663-35C1A48BFB17}.Release|Any CPU.Build.0 = Release|Any CPU
		{D8F7BB88-F3D1-40D4-8A7D-65E38A06AF1F}.Debug|Any CPU.ActiveCfg = Debug|Any CPU
		{D8F7BB88-F3D1-40D4-8A7D-65E38A06AF1F}.Debug|Any CPU.Build.0 = Debug|Any CPU
		{D8F7BB88-F3D1-40D4-8A7D-65E38A06AF1F}.Release|Any CPU.ActiveCfg = Release|Any CPU
		{D8F7BB88-F3D1-40D4-8A7D-65E38A06AF1F}.Release|Any CPU.Build.0 = Release|Any CPU
		{5EBDB940-ACA3-46B1-8EE4-BD0CB2123879}.Debug|Any CPU.ActiveCfg = Debug|Any CPU
		{5EBDB940-ACA3-46B1-8EE4-BD0CB2123879}.Debug|Any CPU.Build.0 = Debug|Any CPU
		{5EBDB940-ACA3-46B1-8EE4-BD0CB2123879}.Release|Any CPU.ActiveCfg = Release|Any CPU
		{5EBDB940-ACA3-46B1-8EE4-BD0CB2123879}.Release|Any CPU.Build.0 = Release|Any CPU
		{FBAD1E23-2C00-4F69-B7C9-B3FE9F9120EE}.Debug|Any CPU.ActiveCfg = Debug|Any CPU
		{FBAD1E23-2C00-4F69-B7C9-B3FE9F9120EE}.Debug|Any CPU.Build.0 = Debug|Any CPU
		{FBAD1E23-2C00-4F69-B7C9-B3FE9F9120EE}.Release|Any CPU.ActiveCfg = Release|Any CPU
		{FBAD1E23-2C00-4F69-B7C9-B3FE9F9120EE}.Release|Any CPU.Build.0 = Release|Any CPU
		{BAD1AC75-B5F1-4DCC-A60C-A85D0E83D04C}.Debug|Any CPU.ActiveCfg = Debug|Any CPU
		{BAD1AC75-B5F1-4DCC-A60C-A85D0E83D04C}.Debug|Any CPU.Build.0 = Debug|Any CPU
		{BAD1AC75-B5F1-4DCC-A60C-A85D0E83D04C}.Release|Any CPU.ActiveCfg = Release|Any CPU
		{BAD1AC75-B5F1-4DCC-A60C-A85D0E83D04C}.Release|Any CPU.Build.0 = Release|Any CPU
		{4F20B7EE-FB8D-463E-9DB2-A66A254A3E59}.Debug|Any CPU.ActiveCfg = Debug|Any CPU
		{4F20B7EE-FB8D-463E-9DB2-A66A254A3E59}.Debug|Any CPU.Build.0 = Debug|Any CPU
		{4F20B7EE-FB8D-463E-9DB2-A66A254A3E59}.Release|Any CPU.ActiveCfg = Release|Any CPU
		{4F20B7EE-FB8D-463E-9DB2-A66A254A3E59}.Release|Any CPU.Build.0 = Release|Any CPU
	EndGlobalSection
	GlobalSection(NestedProjects) = preSolution
		{16167CE0-FAF8-48B2-B189-D06B7475EE68} = {191D2A7D-87D4-4D1E-BF41-15A5731A33EA}
		{9D64EA07-8544-4131-AD02-494FC5702E69} = {191D2A7D-87D4-4D1E-BF41-15A5731A33EA}
		{BD519143-5CC1-4BF5-9646-A238E751D399} = {191D2A7D-87D4-4D1E-BF41-15A5731A33EA}
		{B61886D9-92ED-4733-BD9B-9B4D44005E03} = {EC56D736-794B-4C3D-8260-4688FCBA0CB6}
		{AD5065C1-E9DD-4B04-8663-35C1A48BFB17} = {EC56D736-794B-4C3D-8260-4688FCBA0CB6}
		{D8F7BB88-F3D1-40D4-8A7D-65E38A06AF1F} = {EC56D736-794B-4C3D-8260-4688FCBA0CB6}
		{5EBDB940-ACA3-46B1-8EE4-BD0CB2123879} = {EC56D736-794B-4C3D-8260-4688FCBA0CB6}
		{FBAD1E23-2C00-4F69-B7C9-B3FE9F9120EE} = {42B50ED3-AB7A-4DDF-A15A-0ED88CDAEFF9}
		{BAD1AC75-B5F1-4DCC-A60C-A85D0E83D04C} = {78439076-F77C-459F-91DD-7749C72A7A5E}
		{4F20B7EE-FB8D-463E-9DB2-A66A254A3E59} = {42B50ED3-AB7A-4DDF-A15A-0ED88CDAEFF9}
	EndGlobalSection
EndGlobal
